
Microsoft Visual Studio Solution File, Format Version 12.00
# Visual Studio Version 17
VisualStudioVersion = 17.5.33516.290
MinimumVisualStudioVersion = 10.0.40219.1
Project("{FAE04EC0-301F-11D3-BF4B-00C04F79EFBC}") = "expense_tracker", "expense_tracker\expense_tracker.csproj", "{6C99027D-92DE-4C20-8AE4-6C9EFA0CC81F}"
EndProject
Project("{FAE04EC0-301F-11D3-BF4B-00C04F79EFBC}") = "Data_Layer", "Data_Layer\Data_Layer.csproj", "{27DDA0DD-FC0A-4D64-B9F6-91D42E5ECC7B}"
EndProject
Project("{FAE04EC0-301F-11D3-BF4B-00C04F79EFBC}") = "Business_Layer", "Business_Layer\Business_Layer.csproj", "{5B3306AC-4C0F-402C-A2F2-1B9701E87347}"
EndProject
Global
	GlobalSection(SolutionConfigurationPlatforms) = preSolution
		Debug|Any CPU = Debug|Any CPU
		Release|Any CPU = Release|Any CPU
	EndGlobalSection
	GlobalSection(ProjectConfigurationPlatforms) = postSolution
		{6C99027D-92DE-4C20-8AE4-6C9EFA0CC81F}.Debug|Any CPU.ActiveCfg = Debug|Any CPU
		{6C99027D-92DE-4C20-8AE4-6C9EFA0CC81F}.Debug|Any CPU.Build.0 = Debug|Any CPU
		{6C99027D-92DE-4C20-8AE4-6C9EFA0CC81F}.Release|Any CPU.ActiveCfg = Release|Any CPU
		{6C99027D-92DE-4C20-8AE4-6C9EFA0CC81F}.Release|Any CPU.Build.0 = Release|Any CPU
		{27DDA0DD-FC0A-4D64-B9F6-91D42E5ECC7B}.Debug|Any CPU.ActiveCfg = Debug|Any CPU
		{27DDA0DD-FC0A-4D64-B9F6-91D42E5ECC7B}.Debug|Any CPU.Build.0 = Debug|Any CPU
		{27DDA0DD-FC0A-4D64-B9F6-91D42E5ECC7B}.Release|Any CPU.ActiveCfg = Release|Any CPU
		{27DDA0DD-FC0A-4D64-B9F6-91D42E5ECC7B}.Release|Any CPU.Build.0 = Release|Any CPU
		{5B3306AC-4C0F-402C-A2F2-1B9701E87347}.Debug|Any CPU.ActiveCfg = Debug|Any CPU
		{5B3306AC-4C0F-402C-A2F2-1B9701E87347}.Debug|Any CPU.Build.0 = Debug|Any CPU
		{5B3306AC-4C0F-402C-A2F2-1B9701E87347}.Release|Any CPU.ActiveCfg = Release|Any CPU
		{5B3306AC-4C0F-402C-A2F2-1B9701E87347}.Release|Any CPU.Build.0 = Release|Any CPU
	EndGlobalSection
	GlobalSection(SolutionProperties) = preSolution
		HideSolutionNode = FALSE
	EndGlobalSection
	GlobalSection(ExtensibilityGlobals) = postSolution
		SolutionGuid = {D0C761DD-5007-4132-960E-C6C0E058A566}
	EndGlobalSection
EndGlobal
